
Microsoft Visual Studio Solution File, Format Version 12.00
# Visual Studio 15
VisualStudioVersion = 15.0.28010.2016
MinimumVisualStudioVersion = 10.0.40219.1
Project("{FAE04EC0-301F-11D3-BF4B-00C04F79EFBC}") = "01GridLayout", "Xaml201805\01GridLayout.csproj", "{BFCD2A40-55EB-495F-9217-37A958D4E920}"
EndProject
Project("{FAE04EC0-301F-11D3-BF4B-00C04F79EFBC}") = "02StackPanel", "02StackPanel\02StackPanel.csproj", "{C5BB605E-7BB1-4DA1-8FD6-CC4F3E473409}"
EndProject
Project("{FAE04EC0-301F-11D3-BF4B-00C04F79EFBC}") = "03DockPanel", "03DockPanel\03DockPanel.csproj", "{8BB0A28D-CB19-4C68-A489-F9F2E3B76450}"
EndProject
Project("{FAE04EC0-301F-11D3-BF4B-00C04F79EFBC}") = "XamlGame", "XamlGame\XamlGame.csproj", "{5D01C9D4-40F4-4962-BA21-91C3E5BEAED8}"
EndProject
Global
	GlobalSection(SolutionConfigurationPlatforms) = preSolution
		Debug|Any CPU = Debug|Any CPU
		Release|Any CPU = Release|Any CPU
	EndGlobalSection
	GlobalSection(ProjectConfigurationPlatforms) = postSolution
		{BFCD2A40-55EB-495F-9217-37A958D4E920}.Debug|Any CPU.ActiveCfg = Debug|Any CPU
		{BFCD2A40-55EB-495F-9217-37A958D4E920}.Debug|Any CPU.Build.0 = Debug|Any CPU
		{BFCD2A40-55EB-495F-9217-37A958D4E920}.Release|Any CPU.ActiveCfg = Release|Any CPU
		{BFCD2A40-55EB-495F-9217-37A958D4E920}.Release|Any CPU.Build.0 = Release|Any CPU
		{C5BB605E-7BB1-4DA1-8FD6-CC4F3E473409}.Debug|Any CPU.ActiveCfg = Debug|Any CPU
		{C5BB605E-7BB1-4DA1-8FD6-CC4F3E473409}.Debug|Any CPU.Build.0 = Debug|Any CPU
		{C5BB605E-7BB1-4DA1-8FD6-CC4F3E473409}.Release|Any CPU.ActiveCfg = Release|Any CPU
		{C5BB605E-7BB1-4DA1-8FD6-CC4F3E473409}.Release|Any CPU.Build.0 = Release|Any CPU
		{8BB0A28D-CB19-4C68-A489-F9F2E3B76450}.Debug|Any CPU.ActiveCfg = Debug|Any CPU
		{8BB0A28D-CB19-4C68-A489-F9F2E3B76450}.Debug|Any CPU.Build.0 = Debug|Any CPU
		{8BB0A28D-CB19-4C68-A489-F9F2E3B76450}.Release|Any CPU.ActiveCfg = Release|Any CPU
		{8BB0A28D-CB19-4C68-A489-F9F2E3B76450}.Release|Any CPU.Build.0 = Release|Any CPU
		{5D01C9D4-40F4-4962-BA21-91C3E5BEAED8}.Debug|Any CPU.ActiveCfg = Debug|Any CPU
		{5D01C9D4-40F4-4962-BA21-91C3E5BEAED8}.Debug|Any CPU.Build.0 = Debug|Any CPU
		{5D01C9D4-40F4-4962-BA21-91C3E5BEAED8}.Release|Any CPU.ActiveCfg = Release|Any CPU
		{5D01C9D4-40F4-4962-BA21-91C3E5BEAED8}.Release|Any CPU.Build.0 = Release|Any CPU
	EndGlobalSection
	GlobalSection(SolutionProperties) = preSolution
		HideSolutionNode = FALSE
	EndGlobalSection
	GlobalSection(ExtensibilityGlobals) = postSolution
		SolutionGuid = {0C3855A7-94F4-4A99-8507-5156B77FCEB2}
	EndGlobalSection
EndGlobal
